
Microsoft Visual Studio Solution File, Format Version 12.00
# Visual Studio Version 16
VisualStudioVersion = 16.0.31424.327
MinimumVisualStudioVersion = 10.0.40219.1
Project("{FAE04EC0-301F-11D3-BF4B-00C04F79EFBC}") = "HotelListing", "HotelListing\HotelListing.csproj", "{CFD7B901-074A-4D0B-B549-D82058676226}"
EndProject
Global
	GlobalSection(SolutionConfigurationPlatforms) = preSolution
		Debug|Any CPU = Debug|Any CPU
		Release|Any CPU = Release|Any CPU
	EndGlobalSection
	GlobalSection(ProjectConfigurationPlatforms) = postSolution
		{CFD7B901-074A-4D0B-B549-D82058676226}.Debug|Any CPU.ActiveCfg = Debug|Any CPU
		{CFD7B901-074A-4D0B-B549-D82058676226}.Debug|Any CPU.Build.0 = Debug|Any CPU
		{CFD7B901-074A-4D0B-B549-D82058676226}.Release|Any CPU.ActiveCfg = Release|Any CPU
		{CFD7B901-074A-4D0B-B549-D82058676226}.Release|Any CPU.Build.0 = Release|Any CPU
	EndGlobalSection
	GlobalSection(SolutionProperties) = preSolution
		HideSolutionNode = FALSE
	EndGlobalSection
	GlobalSection(ExtensibilityGlobals) = postSolution
		SolutionGuid = {6D54E98F-6016-4459-AA71-6F50C8F6D7F5}
	EndGlobalSection
EndGlobal
